
Microsoft Visual Studio Solution File, Format Version 12.00
# Visual Studio 15
VisualStudioVersion = 15.0.27130.2027
MinimumVisualStudioVersion = 10.0.40219.1
Project("{2150E333-8FDC-42A3-9474-1A3956D46DE8}") = "Solution Items", "Solution Items", "{33FCD8CB-5720-4174-83A8-736810A4D0BD}"
	ProjectSection(SolutionItems) = preProject
		GameProjects.html = GameProjects.html
		JourneyThroughMemories.html = JourneyThroughMemories.html
	EndProjectSection
EndProject
Global
	GlobalSection(SolutionProperties) = preSolution
		HideSolutionNode = FALSE
	EndGlobalSection
	GlobalSection(ExtensibilityGlobals) = postSolution
		SolutionGuid = {EE9F8977-5C46-430E-9E4C-630795C1B7BC}
	EndGlobalSection
EndGlobal
